// !$*UTF8*$!
{
	archiveVersion = 1;
	classes = {
	};
	objectVersion = 56;
	objects = {

/* Begin PBXBuildFile section */
		BE22DD882B82AF9500985AE7 /* LampAppApp.swift in Sources */ = {isa = PBXBuildFile; fileRef = BE22DD872B82AF9500985AE7 /* LampAppApp.swift */; };
		BE22DD8A2B82AF9500985AE7 /* ContentView.swift in Sources */ = {isa = PBXBuildFile; fileRef = BE22DD892B82AF9500985AE7 /* ContentView.swift */; };
		BE22DD8C2B82AF9700985AE7 /* Assets.xcassets in Resources */ = {isa = PBXBuildFile; fileRef = BE22DD8B2B82AF9700985AE7 /* Assets.xcassets */; };
		BE22DD8F2B82AF9700985AE7 /* Preview Assets.xcassets in Resources */ = {isa = PBXBuildFile; fileRef = BE22DD8E2B82AF9700985AE7 /* Preview Assets.xcassets */; };
		BE22DD982B82AFF700985AE7 /* LightShape.swift in Sources */ = {isa = PBXBuildFile; fileRef = BE22DD972B82AFF700985AE7 /* LightShape.swift */; };
		BE22DD9A2B82B0B200985AE7 /* LampView.swift in Sources */ = {isa = PBXBuildFile; fileRef = BE22DD992B82B0B200985AE7 /* LampView.swift */; };
		BE22DD9C2B82B12C00985AE7 /* BackgroundView.swift in Sources */ = {isa = PBXBuildFile; fileRef = BE22DD9B2B82B12C00985AE7 /* BackgroundView.swift */; };
		BE22DD9E2B82B18500985AE7 /* LampImage.swift in Sources */ = {isa = PBXBuildFile; fileRef = BE22DD9D2B82B18500985AE7 /* LampImage.swift */; };
		BE22DDA02B82B23D00985AE7 /* LightEffect.swift in Sources */ = {isa = PBXBuildFile; fileRef = BE22DD9F2B82B23D00985AE7 /* LightEffect.swift */; };
		BE22DDA22B82B2E100985AE7 /* OpacityControl.swift in Sources */ = {isa = PBXBuildFile; fileRef = BE22DDA12B82B2E100985AE7 /* OpacityControl.swift */; };
		BE22DDA42B82B44C00985AE7 /* OpacityDisplay.swift in Sources */ = {isa = PBXBuildFile; fileRef = BE22DDA32B82B44C00985AE7 /* OpacityDisplay.swift */; };
		BE22DDA62B82B50E00985AE7 /* PowerButton.swift in Sources */ = {isa = PBXBuildFile; fileRef = BE22DDA52B82B50E00985AE7 /* PowerButton.swift */; };
		BE22DDA82B82B8E300985AE7 /* HandleDragView.swift in Sources */ = {isa = PBXBuildFile; fileRef = BE22DDA72B82B8E300985AE7 /* HandleDragView.swift */; };
		BE22DDAA2B82B93B00985AE7 /* HandleView.swift in Sources */ = {isa = PBXBuildFile; fileRef = BE22DDA92B82B93B00985AE7 /* HandleView.swift */; };
/* End PBXBuildFile section */

/* Begin PBXFileReference section */
		BE22DD842B82AF9500985AE7 /* LampApp.app */ = {isa = PBXFileReference; explicitFileType = wrapper.application; includeInIndex = 0; path = LampApp.app; sourceTree = BUILT_PRODUCTS_DIR; };
		BE22DD872B82AF9500985AE7 /* LampAppApp.swift */ = {isa = PBXFileReference; lastKnownFileType = sourcecode.swift; path = LampAppApp.swift; sourceTree = "<group>"; };
		BE22DD892B82AF9500985AE7 /* ContentView.swift */ = {isa = PBXFileReference; lastKnownFileType = sourcecode.swift; path = ContentView.swift; sourceTree = "<group>"; };
		BE22DD8B2B82AF9700985AE7 /* Assets.xcassets */ = {isa = PBXFileReference; lastKnownFileType = folder.assetcatalog; path = Assets.xcassets; sourceTree = "<group>"; };
		BE22DD8E2B82AF9700985AE7 /* Preview Assets.xcassets */ = {isa = PBXFileReference; lastKnownFileType = folder.assetcatalog; path = "Preview Assets.xcassets"; sourceTree = "<group>"; };
		BE22DD972B82AFF700985AE7 /* LightShape.swift */ = {isa = PBXFileReference; lastKnownFileType = sourcecode.swift; path = LightShape.swift; sourceTree = "<group>"; };
		BE22DD992B82B0B200985AE7 /* LampView.swift */ = {isa = PBXFileReference; lastKnownFileType = sourcecode.swift; path = LampView.swift; sourceTree = "<group>"; };
		BE22DD9B2B82B12C00985AE7 /* BackgroundView.swift */ = {isa = PBXFileReference; lastKnownFileType = sourcecode.swift; path = BackgroundView.swift; sourceTree = "<group>"; };
		BE22DD9D2B82B18500985AE7 /* LampImage.swift */ = {isa = PBXFileReference; lastKnownFileType = sourcecode.swift; path = LampImage.swift; sourceTree = "<group>"; };
		BE22DD9F2B82B23D00985AE7 /* LightEffect.swift */ = {isa = PBXFileReference; lastKnownFileType = sourcecode.swift; path = LightEffect.swift; sourceTree = "<group>"; };
		BE22DDA12B82B2E100985AE7 /* OpacityControl.swift */ = {isa = PBXFileReference; lastKnownFileType = sourcecode.swift; path = OpacityControl.swift; sourceTree = "<group>"; };
		BE22DDA32B82B44C00985AE7 /* OpacityDisplay.swift */ = {isa = PBXFileReference; lastKnownFileType = sourcecode.swift; path = OpacityDisplay.swift; sourceTree = "<group>"; };
		BE22DDA52B82B50E00985AE7 /* PowerButton.swift */ = {isa = PBXFileReference; lastKnownFileType = sourcecode.swift; path = PowerButton.swift; sourceTree = "<group>"; };
		BE22DDA72B82B8E300985AE7 /* HandleDragView.swift */ = {isa = PBXFileReference; lastKnownFileType = sourcecode.swift; path = HandleDragView.swift; sourceTree = "<group>"; };
		BE22DDA92B82B93B00985AE7 /* HandleView.swift */ = {isa = PBXFileReference; lastKnownFileType = sourcecode.swift; path = HandleView.swift; sourceTree = "<group>"; };
/* End PBXFileReference section */

/* Begin PBXFrameworksBuildPhase section */
		BE22DD812B82AF9500985AE7 /* Frameworks */ = {
			isa = PBXFrameworksBuildPhase;
			buildActionMask = 2147483647;
			files = (
			);
			runOnlyForDeploymentPostprocessing = 0;
		};
/* End PBXFrameworksBuildPhase section */

/* Begin PBXGroup section */
		BE22DD7B2B82AF9500985AE7 = {
			isa = PBXGroup;
			children = (
				BE22DD862B82AF9500985AE7 /* LampApp */,
				BE22DD852B82AF9500985AE7 /* Products */,
			);
			sourceTree = "<group>";
		};
		BE22DD852B82AF9500985AE7 /* Products */ = {
			isa = PBXGroup;
			children = (
				BE22DD842B82AF9500985AE7 /* LampApp.app */,
			);
			name = Products;
			sourceTree = "<group>";
		};
		BE22DD862B82AF9500985AE7 /* LampApp */ = {
			isa = PBXGroup;
			children = (
				BE22DD952B82AFCA00985AE7 /* View */,
				BE22DD872B82AF9500985AE7 /* LampAppApp.swift */,
				BE22DD892B82AF9500985AE7 /* ContentView.swift */,
				BE22DD8B2B82AF9700985AE7 /* Assets.xcassets */,
				BE22DD8D2B82AF9700985AE7 /* Preview Content */,
			);
			path = LampApp;
			sourceTree = "<group>";
		};
		BE22DD8D2B82AF9700985AE7 /* Preview Content */ = {
			isa = PBXGroup;
			children = (
				BE22DD8E2B82AF9700985AE7 /* Preview Assets.xcassets */,
			);
			path = "Preview Content";
			sourceTree = "<group>";
		};
		BE22DD952B82AFCA00985AE7 /* View */ = {
			isa = PBXGroup;
			children = (
				BE22DD972B82AFF700985AE7 /* LightShape.swift */,
				BE22DD992B82B0B200985AE7 /* LampView.swift */,
				BE22DD9B2B82B12C00985AE7 /* BackgroundView.swift */,
				BE22DD9D2B82B18500985AE7 /* LampImage.swift */,
				BE22DD9F2B82B23D00985AE7 /* LightEffect.swift */,
				BE22DDA12B82B2E100985AE7 /* OpacityControl.swift */,
				BE22DDA32B82B44C00985AE7 /* OpacityDisplay.swift */,
				BE22DDA52B82B50E00985AE7 /* PowerButton.swift */,
				BE22DDA72B82B8E300985AE7 /* HandleDragView.swift */,
				BE22DDA92B82B93B00985AE7 /* HandleView.swift */,
			);
			path = View;
			sourceTree = "<group>";
		};
/* End PBXGroup section */

/* Begin PBXNativeTarget section */
		BE22DD832B82AF9500985AE7 /* LampApp */ = {
			isa = PBXNativeTarget;
			buildConfigurationList = BE22DD922B82AF9700985AE7 /* Build configuration list for PBXNativeTarget "LampApp" */;
			buildPhases = (
				BE22DD802B82AF9500985AE7 /* Sources */,
				BE22DD812B82AF9500985AE7 /* Frameworks */,
				BE22DD822B82AF9500985AE7 /* Resources */,
			);
			buildRules = (
			);
			dependencies = (
			);
			name = LampApp;
			productName = LampApp;
			productReference = BE22DD842B82AF9500985AE7 /* LampApp.app */;
			productType = "com.apple.product-type.application";
		};
/* End PBXNativeTarget section */

/* Begin PBXProject section */
		BE22DD7C2B82AF9500985AE7 /* Project object */ = {
			isa = PBXProject;
			attributes = {
				BuildIndependentTargetsInParallel = 1;
				LastSwiftUpdateCheck = 1520;
				LastUpgradeCheck = 1520;
				TargetAttributes = {
					BE22DD832B82AF9500985AE7 = {
						CreatedOnToolsVersion = 15.2;
					};
				};
			};
			buildConfigurationList = BE22DD7F2B82AF9500985AE7 /* Build configuration list for PBXProject "LampApp" */;
			compatibilityVersion = "Xcode 14.0";
			developmentRegion = en;
			hasScannedForEncodings = 0;
			knownRegions = (
				en,
				Base,
			);
			mainGroup = BE22DD7B2B82AF9500985AE7;
			productRefGroup = BE22DD852B82AF9500985AE7 /* Products */;
			projectDirPath = "";
			projectRoot = "";
			targets = (
				BE22DD832B82AF9500985AE7 /* LampApp */,
			);
		};
/* End PBXProject section */

/* Begin PBXResourcesBuildPhase section */
		BE22DD822B82AF9500985AE7 /* Resources */ = {
			isa = PBXResourcesBuildPhase;
			buildActionMask = 2147483647;
			files = (
				BE22DD8F2B82AF9700985AE7 /* Preview Assets.xcassets in Resources */,
				BE22DD8C2B82AF9700985AE7 /* Assets.xcassets in Resources */,
			);
			runOnlyForDeploymentPostprocessing = 0;
		};
/* End PBXResourcesBuildPhase section */

/* Begin PBXSourcesBuildPhase section */
		BE22DD802B82AF9500985AE7 /* Sources */ = {
			isa = PBXSourcesBuildPhase;
			buildActionMask = 2147483647;
			files = (
				BE22DDA02B82B23D00985AE7 /* LightEffect.swift in Sources */,
				BE22DDA22B82B2E100985AE7 /* OpacityControl.swift in Sources */,
				BE22DDAA2B82B93B00985AE7 /* HandleView.swift in Sources */,
				BE22DDA82B82B8E300985AE7 /* HandleDragView.swift in Sources */,
				BE22DDA42B82B44C00985AE7 /* OpacityDisplay.swift in Sources */,
				BE22DD9C2B82B12C00985AE7 /* BackgroundView.swift in Sources */,
				BE22DD8A2B82AF9500985AE7 /* ContentView.swift in Sources */,
				BE22DDA62B82B50E00985AE7 /* PowerButton.swift in Sources */,
				BE22DD982B82AFF700985AE7 /* LightShape.swift in Sources */,
				BE22DD9A2B82B0B200985AE7 /* LampView.swift in Sources */,
				BE22DD882B82AF9500985AE7 /* LampAppApp.swift in Sources */,
				BE22DD9E2B82B18500985AE7 /* LampImage.swift in Sources */,
			);
			runOnlyForDeploymentPostprocessing = 0;
		};
/* End PBXSourcesBuildPhase section */

/* Begin XCBuildConfiguration section */
		BE22DD902B82AF9700985AE7 /* Debug */ = {
			isa = XCBuildConfiguration;
			buildSettings = {
				ALWAYS_SEARCH_USER_PATHS = NO;
				ASSETCATALOG_COMPILER_GENERATE_SWIFT_ASSET_SYMBOL_EXTENSIONS = YES;
				CLANG_ANALYZER_NONNULL = YES;
				CLANG_ANALYZER_NUMBER_OBJECT_CONVERSION = YES_AGGRESSIVE;
				CLANG_CXX_LANGUAGE_STANDARD = "gnu++20";
				CLANG_ENABLE_MODULES = YES;
				CLANG_ENABLE_OBJC_ARC = YES;
				CLANG_ENABLE_OBJC_WEAK = YES;
				CLANG_WARN_BLOCK_CAPTURE_AUTORELEASING = YES;
				CLANG_WARN_BOOL_CONVERSION = YES;
				CLANG_WARN_COMMA = YES;
				CLANG_WARN_CONSTANT_CONVERSION = YES;
				CLANG_WARN_DEPRECATED_OBJC_IMPLEMENTATIONS = YES;
				CLANG_WARN_DIRECT_OBJC_ISA_USAGE = YES_ERROR;
				CLANG_WARN_DOCUMENTATION_COMMENTS = YES;
				CLANG_WARN_EMPTY_BODY = YES;
				CLANG_WARN_ENUM_CONVERSION = YES;
				CLANG_WARN_INFINITE_RECURSION = YES;
				CLANG_WARN_INT_CONVERSION = YES;
				CLANG_WARN_NON_LITERAL_NULL_CONVERSION = YES;
				CLANG_WARN_OBJC_IMPLICIT_RETAIN_SELF = YES;
				CLANG_WARN_OBJC_LITERAL_CONVERSION = YES;
				CLANG_WARN_OBJC_ROOT_CLASS = YES_ERROR;
				CLANG_WARN_QUOTED_INCLUDE_IN_FRAMEWORK_HEADER = YES;
				CLANG_WARN_RANGE_LOOP_ANALYSIS = YES;
				CLANG_WARN_STRICT_PROTOTYPES = YES;
				CLANG_WARN_SUSPICIOUS_MOVE = YES;
				CLANG_WARN_UNGUARDED_AVAILABILITY = YES_AGGRESSIVE;
				CLANG_WARN_UNREACHABLE_CODE = YES;
				CLANG_WARN__DUPLICATE_METHOD_MATCH = YES;
				COPY_PHASE_STRIP = NO;
				DEBUG_INFORMATION_FORMAT = dwarf;
				ENABLE_STRICT_OBJC_MSGSEND = YES;
				ENABLE_TESTABILITY = YES;
				ENABLE_USER_SCRIPT_SANDBOXING = YES;
				GCC_C_LANGUAGE_STANDARD = gnu17;
				GCC_DYNAMIC_NO_PIC = NO;
				GCC_NO_COMMON_BLOCKS = YES;
				GCC_OPTIMIZATION_LEVEL = 0;
				GCC_PREPROCESSOR_DEFINITIONS = (
					"DEBUG=1",
					"$(inherited)",
				);
				GCC_WARN_64_TO_32_BIT_CONVERSION = YES;
				GCC_WARN_ABOUT_RETURN_TYPE = YES_ERROR;
				GCC_WARN_UNDECLARED_SELECTOR = YES;
				GCC_WARN_UNINITIALIZED_AUTOS = YES_AGGRESSIVE;
				GCC_WARN_UNUSED_FUNCTION = YES;
				GCC_WARN_UNUSED_VARIABLE = YES;
				IPHONEOS_DEPLOYMENT_TARGET = 17.2;
				LOCALIZATION_PREFERS_STRING_CATALOGS = YES;
				MTL_ENABLE_DEBUG_INFO = INCLUDE_SOURCE;
				MTL_FAST_MATH = YES;
				ONLY_ACTIVE_ARCH = YES;
				SDKROOT = iphoneos;
				SWIFT_ACTIVE_COMPILATION_CONDITIONS = "DEBUG $(inherited)";
				SWIFT_OPTIMIZATION_LEVEL = "-Onone";
			};
			name = Debug;
		};
		BE22DD912B82AF9700985AE7 /* Release */ = {
			isa = XCBuildConfiguration;
			buildSettings = {
				ALWAYS_SEARCH_USER_PATHS = NO;
				ASSETCATALOG_COMPILER_GENERATE_SWIFT_ASSET_SYMBOL_EXTENSIONS = YES;
				CLANG_ANALYZER_NONNULL = YES;
				CLANG_ANALYZER_NUMBER_OBJECT_CONVERSION = YES_AGGRESSIVE;
				CLANG_CXX_LANGUAGE_STANDARD = "gnu++20";
				CLANG_ENABLE_MODULES = YES;
				CLANG_ENABLE_OBJC_ARC = YES;
				CLANG_ENABLE_OBJC_WEAK = YES;
				CLANG_WARN_BLOCK_CAPTURE_AUTORELEASING = YES;
				CLANG_WARN_BOOL_CONVERSION = YES;
				CLANG_WARN_COMMA = YES;
				CLANG_WARN_CONSTANT_CONVERSION = YES;
				CLANG_WARN_DEPRECATED_OBJC_IMPLEMENTATIONS = YES;
				CLANG_WARN_DIRECT_OBJC_ISA_USAGE = YES_ERROR;
				CLANG_WARN_DOCUMENTATION_COMMENTS = YES;
				CLANG_WARN_EMPTY_BODY = YES;
				CLANG_WARN_ENUM_CONVERSION = YES;
				CLANG_WARN_INFINITE_RECURSION = YES;
				CLANG_WARN_INT_CONVERSION = YES;
				CLANG_WARN_NON_LITERAL_NULL_CONVERSION = YES;
				CLANG_WARN_OBJC_IMPLICIT_RETAIN_SELF = YES;
				CLANG_WARN_OBJC_LITERAL_CONVERSION = YES;
				CLANG_WARN_OBJC_ROOT_CLASS = YES_ERROR;
				CLANG_WARN_QUOTED_INCLUDE_IN_FRAMEWORK_HEADER = YES;
				CLANG_WARN_RANGE_LOOP_ANALYSIS = YES;
				CLANG_WARN_STRICT_PROTOTYPES = YES;
				CLANG_WARN_SUSPICIOUS_MOVE = YES;
				CLANG_WARN_UNGUARDED_AVAILABILITY = YES_AGGRESSIVE;
				CLANG_WARN_UNREACHABLE_CODE = YES;
				CLANG_WARN__DUPLICATE_METHOD_MATCH = YES;
				COPY_PHASE_STRIP = NO;
				DEBUG_INFORMATION_FORMAT = "dwarf-with-dsym";
				ENABLE_NS_ASSERTIONS = NO;
				ENABLE_STRICT_OBJC_MSGSEND = YES;
				ENABLE_USER_SCRIPT_SANDBOXING = YES;
				GCC_C_LANGUAGE_STANDARD = gnu17;
				GCC_NO_COMMON_BLOCKS = YES;
				GCC_WARN_64_TO_32_BIT_CONVERSION = YES;
				GCC_WARN_ABOUT_RETURN_TYPE = YES_ERROR;
				GCC_WARN_UNDECLARED_SELECTOR = YES;
				GCC_WARN_UNINITIALIZED_AUTOS = YES_AGGRESSIVE;
				GCC_WARN_UNUSED_FUNCTION = YES;
				GCC_WARN_UNUSED_VARIABLE = YES;
				IPHONEOS_DEPLOYMENT_TARGET = 17.2;
				LOCALIZATION_PREFERS_STRING_CATALOGS = YES;
				MTL_ENABLE_DEBUG_INFO = NO;
				MTL_FAST_MATH = YES;
				SDKROOT = iphoneos;
				SWIFT_COMPILATION_MODE = wholemodule;
				VALIDATE_PRODUCT = YES;
			};
			name = Release;
		};
		BE22DD932B82AF9700985AE7 /* Debug */ = {
			isa = XCBuildConfiguration;
			buildSettings = {
				ASSETCATALOG_COMPILER_APPICON_NAME = AppIcon;
				ASSETCATALOG_COMPILER_GLOBAL_ACCENT_COLOR_NAME = AccentColor;
				CODE_SIGN_STYLE = Automatic;
				CURRENT_PROJECT_VERSION = 1;
				DEVELOPMENT_ASSET_PATHS = "\"LampApp/Preview Content\"";
				DEVELOPMENT_TEAM = D6LZWF2S6D;
				ENABLE_PREVIEWS = YES;
				GENERATE_INFOPLIST_FILE = YES;
				INFOPLIST_KEY_UIApplicationSceneManifest_Generation = YES;
				INFOPLIST_KEY_UIApplicationSupportsIndirectInputEvents = YES;
				INFOPLIST_KEY_UILaunchScreen_Generation = YES;
				INFOPLIST_KEY_UISupportedInterfaceOrientations_iPad = "UIInterfaceOrientationPortrait UIInterfaceOrientationPortraitUpsideDown UIInterfaceOrientationLandscapeLeft UIInterfaceOrientationLandscapeRight";
				INFOPLIST_KEY_UISupportedInterfaceOrientations_iPhone = "UIInterfaceOrientationPortrait UIInterfaceOrientationLandscapeLeft UIInterfaceOrientationLandscapeRight";
				LD_RUNPATH_SEARCH_PATHS = (
					"$(inherited)",
					"@executable_path/Frameworks",
				);
				MARKETING_VERSION = 1.0;
				PRODUCT_BUNDLE_IDENTIFIER = pouyasari.LampApp;
				PRODUCT_NAME = "$(TARGET_NAME)";
				SWIFT_EMIT_LOC_STRINGS = YES;
				SWIFT_VERSION = 5.0;
				TARGETED_DEVICE_FAMILY = "1,2";
			};
			name = Debug;
		};
		BE22DD942B82AF9700985AE7 /* Release */ = {
			isa = XCBuildConfiguration;
			buildSettings = {
				ASSETCATALOG_COMPILER_APPICON_NAME = AppIcon;
				ASSETCATALOG_COMPILER_GLOBAL_ACCENT_COLOR_NAME = AccentColor;
				CODE_SIGN_STYLE = Automatic;
				CURRENT_PROJECT_VERSION = 1;
				DEVELOPMENT_ASSET_PATHS = "\"LampApp/Preview Content\"";
				DEVELOPMENT_TEAM = D6LZWF2S6D;
				ENABLE_PREVIEWS = YES;
				GENERATE_INFOPLIST_FILE = YES;
				INFOPLIST_KEY_UIApplicationSceneManifest_Generation = YES;
				INFOPLIST_KEY_UIApplicationSupportsIndirectInputEvents = YES;
				INFOPLIST_KEY_UILaunchScreen_Generation = YES;
				INFOPLIST_KEY_UISupportedInterfaceOrientations_iPad = "UIInterfaceOrientationPortrait UIInterfaceOrientationPortraitUpsideDown UIInterfaceOrientationLandscapeLeft UIInterfaceOrientationLandscapeRight";
				INFOPLIST_KEY_UISupportedInterfaceOrientations_iPhone = "UIInterfaceOrientationPortrait UIInterfaceOrientationLandscapeLeft UIInterfaceOrientationLandscapeRight";
				LD_RUNPATH_SEARCH_PATHS = (
					"$(inherited)",
					"@executable_path/Frameworks",
				);
				MARKETING_VERSION = 1.0;
				PRODUCT_BUNDLE_IDENTIFIER = pouyasari.LampApp;
				PRODUCT_NAME = "$(TARGET_NAME)";
				SWIFT_EMIT_LOC_STRINGS = YES;
				SWIFT_VERSION = 5.0;
				TARGETED_DEVICE_FAMILY = "1,2";
			};
			name = Release;
		};
/* End XCBuildConfiguration section */

/* Begin XCConfigurationList section */
		BE22DD7F2B82AF9500985AE7 /* Build configuration list for PBXProject "LampApp" */ = {
			isa = XCConfigurationList;
			buildConfigurations = (
				BE22DD902B82AF9700985AE7 /* Debug */,
				BE22DD912B82AF9700985AE7 /* Release */,
			);
			defaultConfigurationIsVisible = 0;
			defaultConfigurationName = Release;
		};
		BE22DD922B82AF9700985AE7 /* Build configuration list for PBXNativeTarget "LampApp" */ = {
			isa = XCConfigurationList;
			buildConfigurations = (
				BE22DD932B82AF9700985AE7 /* Debug */,
				BE22DD942B82AF9700985AE7 /* Release */,
			);
			defaultConfigurationIsVisible = 0;
			defaultConfigurationName = Release;
		};
/* End XCConfigurationList section */
	};
	rootObject = BE22DD7C2B82AF9500985AE7 /* Project object */;
}
